
Microsoft Visual Studio Solution File, Format Version 12.00
# Visual Studio Version 17
VisualStudioVersion = 17.2.32630.192
MinimumVisualStudioVersion = 10.0.40219.1
Project("{FAE04EC0-301F-11D3-BF4B-00C04F79EFBC}") = "AnimaFest", "AnimaFest\AnimaFest.csproj", "{C5074506-054F-4DF7-8553-A9C806A65AF2}"
EndProject
Global
	GlobalSection(SolutionConfigurationPlatforms) = preSolution
		Debug|Any CPU = Debug|Any CPU
		Release|Any CPU = Release|Any CPU
	EndGlobalSection
	GlobalSection(ProjectConfigurationPlatforms) = postSolution
		{C5074506-054F-4DF7-8553-A9C806A65AF2}.Debug|Any CPU.ActiveCfg = Debug|Any CPU
		{C5074506-054F-4DF7-8553-A9C806A65AF2}.Debug|Any CPU.Build.0 = Debug|Any CPU
		{C5074506-054F-4DF7-8553-A9C806A65AF2}.Release|Any CPU.ActiveCfg = Release|Any CPU
		{C5074506-054F-4DF7-8553-A9C806A65AF2}.Release|Any CPU.Build.0 = Release|Any CPU
	EndGlobalSection
	GlobalSection(SolutionProperties) = preSolution
		HideSolutionNode = FALSE
	EndGlobalSection
	GlobalSection(ExtensibilityGlobals) = postSolution
		SolutionGuid = {236C3912-1B0B-4CEB-82E2-162EE28C848A}
	EndGlobalSection
EndGlobal
